// !$*UTF8*$!
{
	archiveVersion = 1;
	classes = {
	};
	objectVersion = 56;
	objects = {

/* Begin PBXBuildFile section */
		92E731BF2B8FC5E8008EE6FD /* UnitTestCasesApp.swift in Sources */ = {isa = PBXBuildFile; fileRef = 92E731BE2B8FC5E8008EE6FD /* UnitTestCasesApp.swift */; };
		92E731C12B8FC5E8008EE6FD /* ContentView.swift in Sources */ = {isa = PBXBuildFile; fileRef = 92E731C02B8FC5E8008EE6FD /* ContentView.swift */; };
		92E731C32B8FC5EB008EE6FD /* Assets.xcassets in Resources */ = {isa = PBXBuildFile; fileRef = 92E731C22B8FC5EB008EE6FD /* Assets.xcassets */; };
		92E731C62B8FC5EB008EE6FD /* Preview Assets.xcassets in Resources */ = {isa = PBXBuildFile; fileRef = 92E731C52B8FC5EB008EE6FD /* Preview Assets.xcassets */; };
		92E731DA2B8FC5EB008EE6FD /* UnitTestCasesUITests.swift in Sources */ = {isa = PBXBuildFile; fileRef = 92E731D92B8FC5EB008EE6FD /* UnitTestCasesUITests.swift */; };
		92E731DC2B8FC5EB008EE6FD /* UnitTestCasesUITestsLaunchTests.swift in Sources */ = {isa = PBXBuildFile; fileRef = 92E731DB2B8FC5EB008EE6FD /* UnitTestCasesUITestsLaunchTests.swift */; };
		92E731E92B8FC7A4008EE6FD /* Calculator.swift in Sources */ = {isa = PBXBuildFile; fileRef = 92E731E82B8FC7A4008EE6FD /* Calculator.swift */; };
		92E731ED2B8FD1A0008EE6FD /* CalculatorTest.swift in Sources */ = {isa = PBXBuildFile; fileRef = 92E731EC2B8FD1A0008EE6FD /* CalculatorTest.swift */; };
		92E731EF2B8FD7DA008EE6FD /* Vehicle.swift in Sources */ = {isa = PBXBuildFile; fileRef = 92E731EE2B8FD7DA008EE6FD /* Vehicle.swift */; };
		92E731F12B8FDA6A008EE6FD /* VehicleTest.swift in Sources */ = {isa = PBXBuildFile; fileRef = 92E731F02B8FDA6A008EE6FD /* VehicleTest.swift */; };
/* End PBXBuildFile section */

/* Begin PBXContainerItemProxy section */
		92E731CC2B8FC5EB008EE6FD /* PBXContainerItemProxy */ = {
			isa = PBXContainerItemProxy;
			containerPortal = 92E731B32B8FC5E8008EE6FD /* Project object */;
			proxyType = 1;
			remoteGlobalIDString = 92E731BA2B8FC5E8008EE6FD;
			remoteInfo = UnitTestCases;
		};
		92E731D62B8FC5EB008EE6FD /* PBXContainerItemProxy */ = {
			isa = PBXContainerItemProxy;
			containerPortal = 92E731B32B8FC5E8008EE6FD /* Project object */;
			proxyType = 1;
			remoteGlobalIDString = 92E731BA2B8FC5E8008EE6FD;
			remoteInfo = UnitTestCases;
		};
/* End PBXContainerItemProxy section */

/* Begin PBXFileReference section */
		92E731BB2B8FC5E8008EE6FD /* UnitTestCases.app */ = {isa = PBXFileReference; explicitFileType = wrapper.application; includeInIndex = 0; path = UnitTestCases.app; sourceTree = BUILT_PRODUCTS_DIR; };
		92E731BE2B8FC5E8008EE6FD /* UnitTestCasesApp.swift */ = {isa = PBXFileReference; lastKnownFileType = sourcecode.swift; path = UnitTestCasesApp.swift; sourceTree = "<group>"; };
		92E731C02B8FC5E8008EE6FD /* ContentView.swift */ = {isa = PBXFileReference; lastKnownFileType = sourcecode.swift; path = ContentView.swift; sourceTree = "<group>"; };
		92E731C22B8FC5EB008EE6FD /* Assets.xcassets */ = {isa = PBXFileReference; lastKnownFileType = folder.assetcatalog; path = Assets.xcassets; sourceTree = "<group>"; };
		92E731C52B8FC5EB008EE6FD /* Preview Assets.xcassets */ = {isa = PBXFileReference; lastKnownFileType = folder.assetcatalog; path = "Preview Assets.xcassets"; sourceTree = "<group>"; };
		92E731CB2B8FC5EB008EE6FD /* UnitTestCasesTests.xctest */ = {isa = PBXFileReference; explicitFileType = wrapper.cfbundle; includeInIndex = 0; path = UnitTestCasesTests.xctest; sourceTree = BUILT_PRODUCTS_DIR; };
		92E731D52B8FC5EB008EE6FD /* UnitTestCasesUITests.xctest */ = {isa = PBXFileReference; explicitFileType = wrapper.cfbundle; includeInIndex = 0; path = UnitTestCasesUITests.xctest; sourceTree = BUILT_PRODUCTS_DIR; };
		92E731D92B8FC5EB008EE6FD /* UnitTestCasesUITests.swift */ = {isa = PBXFileReference; lastKnownFileType = sourcecode.swift; path = UnitTestCasesUITests.swift; sourceTree = "<group>"; };
		92E731DB2B8FC5EB008EE6FD /* UnitTestCasesUITestsLaunchTests.swift */ = {isa = PBXFileReference; lastKnownFileType = sourcecode.swift; path = UnitTestCasesUITestsLaunchTests.swift; sourceTree = "<group>"; };
		92E731E82B8FC7A4008EE6FD /* Calculator.swift */ = {isa = PBXFileReference; lastKnownFileType = sourcecode.swift; path = Calculator.swift; sourceTree = "<group>"; };
		92E731EC2B8FD1A0008EE6FD /* CalculatorTest.swift */ = {isa = PBXFileReference; lastKnownFileType = sourcecode.swift; path = CalculatorTest.swift; sourceTree = "<group>"; };
		92E731EE2B8FD7DA008EE6FD /* Vehicle.swift */ = {isa = PBXFileReference; lastKnownFileType = sourcecode.swift; path = Vehicle.swift; sourceTree = "<group>"; };
		92E731F02B8FDA6A008EE6FD /* VehicleTest.swift */ = {isa = PBXFileReference; lastKnownFileType = sourcecode.swift; path = VehicleTest.swift; sourceTree = "<group>"; };
/* End PBXFileReference section */

/* Begin PBXFrameworksBuildPhase section */
		92E731B82B8FC5E8008EE6FD /* Frameworks */ = {
			isa = PBXFrameworksBuildPhase;
			buildActionMask = 2147483647;
			files = (
			);
			runOnlyForDeploymentPostprocessing = 0;
		};
		92E731C82B8FC5EB008EE6FD /* Frameworks */ = {
			isa = PBXFrameworksBuildPhase;
			buildActionMask = 2147483647;
			files = (
			);
			runOnlyForDeploymentPostprocessing = 0;
		};
		92E731D22B8FC5EB008EE6FD /* Frameworks */ = {
			isa = PBXFrameworksBuildPhase;
			buildActionMask = 2147483647;
			files = (
			);
			runOnlyForDeploymentPostprocessing = 0;
		};
/* End PBXFrameworksBuildPhase section */

/* Begin PBXGroup section */
		92E731B22B8FC5E8008EE6FD = {
			isa = PBXGroup;
			children = (
				92E731BD2B8FC5E8008EE6FD /* UnitTestCases */,
				92E731CE2B8FC5EB008EE6FD /* UnitTestCasesTests */,
				92E731D82B8FC5EB008EE6FD /* UnitTestCasesUITests */,
				92E731BC2B8FC5E8008EE6FD /* Products */,
			);
			sourceTree = "<group>";
		};
		92E731BC2B8FC5E8008EE6FD /* Products */ = {
			isa = PBXGroup;
			children = (
				92E731BB2B8FC5E8008EE6FD /* UnitTestCases.app */,
				92E731CB2B8FC5EB008EE6FD /* UnitTestCasesTests.xctest */,
				92E731D52B8FC5EB008EE6FD /* UnitTestCasesUITests.xctest */,
			);
			name = Products;
			sourceTree = "<group>";
		};
		92E731BD2B8FC5E8008EE6FD /* UnitTestCases */ = {
			isa = PBXGroup;
			children = (
				92E731BE2B8FC5E8008EE6FD /* UnitTestCasesApp.swift */,
				92E731E82B8FC7A4008EE6FD /* Calculator.swift */,
				92E731EE2B8FD7DA008EE6FD /* Vehicle.swift */,
				92E731C02B8FC5E8008EE6FD /* ContentView.swift */,
				92E731C22B8FC5EB008EE6FD /* Assets.xcassets */,
				92E731C42B8FC5EB008EE6FD /* Preview Content */,
			);
			path = UnitTestCases;
			sourceTree = "<group>";
		};
		92E731C42B8FC5EB008EE6FD /* Preview Content */ = {
			isa = PBXGroup;
			children = (
				92E731C52B8FC5EB008EE6FD /* Preview Assets.xcassets */,
			);
			path = "Preview Content";
			sourceTree = "<group>";
		};
		92E731CE2B8FC5EB008EE6FD /* UnitTestCasesTests */ = {
			isa = PBXGroup;
			children = (
				92E731EC2B8FD1A0008EE6FD /* CalculatorTest.swift */,
				92E731F02B8FDA6A008EE6FD /* VehicleTest.swift */,
			);
			path = UnitTestCasesTests;
			sourceTree = "<group>";
		};
		92E731D82B8FC5EB008EE6FD /* UnitTestCasesUITests */ = {
			isa = PBXGroup;
			children = (
				92E731D92B8FC5EB008EE6FD /* UnitTestCasesUITests.swift */,
				92E731DB2B8FC5EB008EE6FD /* UnitTestCasesUITestsLaunchTests.swift */,
			);
			path = UnitTestCasesUITests;
			sourceTree = "<group>";
		};
/* End PBXGroup section */

/* Begin PBXNativeTarget section */
		92E731BA2B8FC5E8008EE6FD /* UnitTestCases */ = {
			isa = PBXNativeTarget;
			buildConfigurationList = 92E731DF2B8FC5EB008EE6FD /* Build configuration list for PBXNativeTarget "UnitTestCases" */;
			buildPhases = (
				92E731B72B8FC5E8008EE6FD /* Sources */,
				92E731B82B8FC5E8008EE6FD /* Frameworks */,
				92E731B92B8FC5E8008EE6FD /* Resources */,
			);
			buildRules = (
			);
			dependencies = (
			);
			name = UnitTestCases;
			productName = UnitTestCases;
			productReference = 92E731BB2B8FC5E8008EE6FD /* UnitTestCases.app */;
			productType = "com.apple.product-type.application";
		};
		92E731CA2B8FC5EB008EE6FD /* UnitTestCasesTests */ = {
			isa = PBXNativeTarget;
			buildConfigurationList = 92E731E22B8FC5EB008EE6FD /* Build configuration list for PBXNativeTarget "UnitTestCasesTests" */;
			buildPhases = (
				92E731C72B8FC5EB008EE6FD /* Sources */,
				92E731C82B8FC5EB008EE6FD /* Frameworks */,
				92E731C92B8FC5EB008EE6FD /* Resources */,
			);
			buildRules = (
			);
			dependencies = (
				92E731CD2B8FC5EB008EE6FD /* PBXTargetDependency */,
			);
			name = UnitTestCasesTests;
			productName = UnitTestCasesTests;
			productReference = 92E731CB2B8FC5EB008EE6FD /* UnitTestCasesTests.xctest */;
			productType = "com.apple.product-type.bundle.unit-test";
		};
		92E731D42B8FC5EB008EE6FD /* UnitTestCasesUITests */ = {
			isa = PBXNativeTarget;
			buildConfigurationList = 92E731E52B8FC5EB008EE6FD /* Build configuration list for PBXNativeTarget "UnitTestCasesUITests" */;
			buildPhases = (
				92E731D12B8FC5EB008EE6FD /* Sources */,
				92E731D22B8FC5EB008EE6FD /* Frameworks */,
				92E731D32B8FC5EB008EE6FD /* Resources */,
			);
			buildRules = (
			);
			dependencies = (
				92E731D72B8FC5EB008EE6FD /* PBXTargetDependency */,
			);
			name = UnitTestCasesUITests;
			productName = UnitTestCasesUITests;
			productReference = 92E731D52B8FC5EB008EE6FD /* UnitTestCasesUITests.xctest */;
			productType = "com.apple.product-type.bundle.ui-testing";
		};
/* End PBXNativeTarget section */

/* Begin PBXProject section */
		92E731B32B8FC5E8008EE6FD /* Project object */ = {
			isa = PBXProject;
			attributes = {
				BuildIndependentTargetsInParallel = 1;
				LastSwiftUpdateCheck = 1500;
				LastUpgradeCheck = 1500;
				TargetAttributes = {
					92E731BA2B8FC5E8008EE6FD = {
						CreatedOnToolsVersion = 15.0.1;
					};
					92E731CA2B8FC5EB008EE6FD = {
						CreatedOnToolsVersion = 15.0.1;
						TestTargetID = 92E731BA2B8FC5E8008EE6FD;
					};
					92E731D42B8FC5EB008EE6FD = {
						CreatedOnToolsVersion = 15.0.1;
						TestTargetID = 92E731BA2B8FC5E8008EE6FD;
					};
				};
			};
			buildConfigurationList = 92E731B62B8FC5E8008EE6FD /* Build configuration list for PBXProject "UnitTestCases" */;
			compatibilityVersion = "Xcode 14.0";
			developmentRegion = en;
			hasScannedForEncodings = 0;
			knownRegions = (
				en,
				Base,
			);
			mainGroup = 92E731B22B8FC5E8008EE6FD;
			productRefGroup = 92E731BC2B8FC5E8008EE6FD /* Products */;
			projectDirPath = "";
			projectRoot = "";
			targets = (
				92E731BA2B8FC5E8008EE6FD /* UnitTestCases */,
				92E731CA2B8FC5EB008EE6FD /* UnitTestCasesTests */,
				92E731D42B8FC5EB008EE6FD /* UnitTestCasesUITests */,
			);
		};
/* End PBXProject section */

/* Begin PBXResourcesBuildPhase section */
		92E731B92B8FC5E8008EE6FD /* Resources */ = {
			isa = PBXResourcesBuildPhase;
			buildActionMask = 2147483647;
			files = (
				92E731C62B8FC5EB008EE6FD /* Preview Assets.xcassets in Resources */,
				92E731C32B8FC5EB008EE6FD /* Assets.xcassets in Resources */,
			);
			runOnlyForDeploymentPostprocessing = 0;
		};
		92E731C92B8FC5EB008EE6FD /* Resources */ = {
			isa = PBXResourcesBuildPhase;
			buildActionMask = 2147483647;
			files = (
			);
			runOnlyForDeploymentPostprocessing = 0;
		};
		92E731D32B8FC5EB008EE6FD /* Resources */ = {
			isa = PBXResourcesBuildPhase;
			buildActionMask = 2147483647;
			files = (
			);
			runOnlyForDeploymentPostprocessing = 0;
		};
/* End PBXResourcesBuildPhase section */

/* Begin PBXSourcesBuildPhase section */
		92E731B72B8FC5E8008EE6FD /* Sources */ = {
			isa = PBXSourcesBuildPhase;
			buildActionMask = 2147483647;
			files = (
				92E731EF2B8FD7DA008EE6FD /* Vehicle.swift in Sources */,
				92E731C12B8FC5E8008EE6FD /* ContentView.swift in Sources */,
				92E731BF2B8FC5E8008EE6FD /* UnitTestCasesApp.swift in Sources */,
				92E731E92B8FC7A4008EE6FD /* Calculator.swift in Sources */,
			);
			runOnlyForDeploymentPostprocessing = 0;
		};
		92E731C72B8FC5EB008EE6FD /* Sources */ = {
			isa = PBXSourcesBuildPhase;
			buildActionMask = 2147483647;
			files = (
				92E731ED2B8FD1A0008EE6FD /* CalculatorTest.swift in Sources */,
				92E731F12B8FDA6A008EE6FD /* VehicleTest.swift in Sources */,
			);
			runOnlyForDeploymentPostprocessing = 0;
		};
		92E731D12B8FC5EB008EE6FD /* Sources */ = {
			isa = PBXSourcesBuildPhase;
			buildActionMask = 2147483647;
			files = (
				92E731DC2B8FC5EB008EE6FD /* UnitTestCasesUITestsLaunchTests.swift in Sources */,
				92E731DA2B8FC5EB008EE6FD /* UnitTestCasesUITests.swift in Sources */,
			);
			runOnlyForDeploymentPostprocessing = 0;
		};
/* End PBXSourcesBuildPhase section */

/* Begin PBXTargetDependency section */
		92E731CD2B8FC5EB008EE6FD /* PBXTargetDependency */ = {
			isa = PBXTargetDependency;
			target = 92E731BA2B8FC5E8008EE6FD /* UnitTestCases */;
			targetProxy = 92E731CC2B8FC5EB008EE6FD /* PBXContainerItemProxy */;
		};
		92E731D72B8FC5EB008EE6FD /* PBXTargetDependency */ = {
			isa = PBXTargetDependency;
			target = 92E731BA2B8FC5E8008EE6FD /* UnitTestCases */;
			targetProxy = 92E731D62B8FC5EB008EE6FD /* PBXContainerItemProxy */;
		};
/* End PBXTargetDependency section */

/* Begin XCBuildConfiguration section */
		92E731DD2B8FC5EB008EE6FD /* Debug */ = {
			isa = XCBuildConfiguration;
			buildSettings = {
				ALWAYS_SEARCH_USER_PATHS = NO;
				ASSETCATALOG_COMPILER_GENERATE_SWIFT_ASSET_SYMBOL_EXTENSIONS = YES;
				CLANG_ANALYZER_NONNULL = YES;
				CLANG_ANALYZER_NUMBER_OBJECT_CONVERSION = YES_AGGRESSIVE;
				CLANG_CXX_LANGUAGE_STANDARD = "gnu++20";
				CLANG_ENABLE_MODULES = YES;
				CLANG_ENABLE_OBJC_ARC = YES;
				CLANG_ENABLE_OBJC_WEAK = YES;
				CLANG_WARN_BLOCK_CAPTURE_AUTORELEASING = YES;
				CLANG_WARN_BOOL_CONVERSION = YES;
				CLANG_WARN_COMMA = YES;
				CLANG_WARN_CONSTANT_CONVERSION = YES;
				CLANG_WARN_DEPRECATED_OBJC_IMPLEMENTATIONS = YES;
				CLANG_WARN_DIRECT_OBJC_ISA_USAGE = YES_ERROR;
				CLANG_WARN_DOCUMENTATION_COMMENTS = YES;
				CLANG_WARN_EMPTY_BODY = YES;
				CLANG_WARN_ENUM_CONVERSION = YES;
				CLANG_WARN_INFINITE_RECURSION = YES;
				CLANG_WARN_INT_CONVERSION = YES;
				CLANG_WARN_NON_LITERAL_NULL_CONVERSION = YES;
				CLANG_WARN_OBJC_IMPLICIT_RETAIN_SELF = YES;
				CLANG_WARN_OBJC_LITERAL_CONVERSION = YES;
				CLANG_WARN_OBJC_ROOT_CLASS = YES_ERROR;
				CLANG_WARN_QUOTED_INCLUDE_IN_FRAMEWORK_HEADER = YES;
				CLANG_WARN_RANGE_LOOP_ANALYSIS = YES;
				CLANG_WARN_STRICT_PROTOTYPES = YES;
				CLANG_WARN_SUSPICIOUS_MOVE = YES;
				CLANG_WARN_UNGUARDED_AVAILABILITY = YES_AGGRESSIVE;
				CLANG_WARN_UNREACHABLE_CODE = YES;
				CLANG_WARN__DUPLICATE_METHOD_MATCH = YES;
				COPY_PHASE_STRIP = NO;
				DEBUG_INFORMATION_FORMAT = dwarf;
				ENABLE_STRICT_OBJC_MSGSEND = YES;
				ENABLE_TESTABILITY = YES;
				ENABLE_USER_SCRIPT_SANDBOXING = YES;
				GCC_C_LANGUAGE_STANDARD = gnu17;
				GCC_DYNAMIC_NO_PIC = NO;
				GCC_NO_COMMON_BLOCKS = YES;
				GCC_OPTIMIZATION_LEVEL = 0;
				GCC_PREPROCESSOR_DEFINITIONS = (
					"DEBUG=1",
					"$(inherited)",
				);
				GCC_WARN_64_TO_32_BIT_CONVERSION = YES;
				GCC_WARN_ABOUT_RETURN_TYPE = YES_ERROR;
				GCC_WARN_UNDECLARED_SELECTOR = YES;
				GCC_WARN_UNINITIALIZED_AUTOS = YES_AGGRESSIVE;
				GCC_WARN_UNUSED_FUNCTION = YES;
				GCC_WARN_UNUSED_VARIABLE = YES;
				IPHONEOS_DEPLOYMENT_TARGET = 17.0;
				LOCALIZATION_PREFERS_STRING_CATALOGS = YES;
				MTL_ENABLE_DEBUG_INFO = INCLUDE_SOURCE;
				MTL_FAST_MATH = YES;
				ONLY_ACTIVE_ARCH = YES;
				SDKROOT = iphoneos;
				SWIFT_ACTIVE_COMPILATION_CONDITIONS = "DEBUG $(inherited)";
				SWIFT_OPTIMIZATION_LEVEL = "-Onone";
			};
			name = Debug;
		};
		92E731DE2B8FC5EB008EE6FD /* Release */ = {
			isa = XCBuildConfiguration;
			buildSettings = {
				ALWAYS_SEARCH_USER_PATHS = NO;
				ASSETCATALOG_COMPILER_GENERATE_SWIFT_ASSET_SYMBOL_EXTENSIONS = YES;
				CLANG_ANALYZER_NONNULL = YES;
				CLANG_ANALYZER_NUMBER_OBJECT_CONVERSION = YES_AGGRESSIVE;
				CLANG_CXX_LANGUAGE_STANDARD = "gnu++20";
				CLANG_ENABLE_MODULES = YES;
				CLANG_ENABLE_OBJC_ARC = YES;
				CLANG_ENABLE_OBJC_WEAK = YES;
				CLANG_WARN_BLOCK_CAPTURE_AUTORELEASING = YES;
				CLANG_WARN_BOOL_CONVERSION = YES;
				CLANG_WARN_COMMA = YES;
				CLANG_WARN_CONSTANT_CONVERSION = YES;
				CLANG_WARN_DEPRECATED_OBJC_IMPLEMENTATIONS = YES;
				CLANG_WARN_DIRECT_OBJC_ISA_USAGE = YES_ERROR;
				CLANG_WARN_DOCUMENTATION_COMMENTS = YES;
				CLANG_WARN_EMPTY_BODY = YES;
				CLANG_WARN_ENUM_CONVERSION = YES;
				CLANG_WARN_INFINITE_RECURSION = YES;
				CLANG_WARN_INT_CONVERSION = YES;
				CLANG_WARN_NON_LITERAL_NULL_CONVERSION = YES;
				CLANG_WARN_OBJC_IMPLICIT_RETAIN_SELF = YES;
				CLANG_WARN_OBJC_LITERAL_CONVERSION = YES;
				CLANG_WARN_OBJC_ROOT_CLASS = YES_ERROR;
				CLANG_WARN_QUOTED_INCLUDE_IN_FRAMEWORK_HEADER = YES;
				CLANG_WARN_RANGE_LOOP_ANALYSIS = YES;
				CLANG_WARN_STRICT_PROTOTYPES = YES;
				CLANG_WARN_SUSPICIOUS_MOVE = YES;
				CLANG_WARN_UNGUARDED_AVAILABILITY = YES_AGGRESSIVE;
				CLANG_WARN_UNREACHABLE_CODE = YES;
				CLANG_WARN__DUPLICATE_METHOD_MATCH = YES;
				COPY_PHASE_STRIP = NO;
				DEBUG_INFORMATION_FORMAT = "dwarf-with-dsym";
				ENABLE_NS_ASSERTIONS = NO;
				ENABLE_STRICT_OBJC_MSGSEND = YES;
				ENABLE_USER_SCRIPT_SANDBOXING = YES;
				GCC_C_LANGUAGE_STANDARD = gnu17;
				GCC_NO_COMMON_BLOCKS = YES;
				GCC_WARN_64_TO_32_BIT_CONVERSION = YES;
				GCC_WARN_ABOUT_RETURN_TYPE = YES_ERROR;
				GCC_WARN_UNDECLARED_SELECTOR = YES;
				GCC_WARN_UNINITIALIZED_AUTOS = YES_AGGRESSIVE;
				GCC_WARN_UNUSED_FUNCTION = YES;
				GCC_WARN_UNUSED_VARIABLE = YES;
				IPHONEOS_DEPLOYMENT_TARGET = 17.0;
				LOCALIZATION_PREFERS_STRING_CATALOGS = YES;
				MTL_ENABLE_DEBUG_INFO = NO;
				MTL_FAST_MATH = YES;
				SDKROOT = iphoneos;
				SWIFT_COMPILATION_MODE = wholemodule;
				VALIDATE_PRODUCT = YES;
			};
			name = Release;
		};
		92E731E02B8FC5EB008EE6FD /* Debug */ = {
			isa = XCBuildConfiguration;
			buildSettings = {
				ASSETCATALOG_COMPILER_APPICON_NAME = AppIcon;
				ASSETCATALOG_COMPILER_GLOBAL_ACCENT_COLOR_NAME = AccentColor;
				CODE_SIGN_STYLE = Automatic;
				CURRENT_PROJECT_VERSION = 1;
				DEVELOPMENT_ASSET_PATHS = "\"UnitTestCases/Preview Content\"";
				DEVELOPMENT_TEAM = 8Q8PK53YFD;
				ENABLE_PREVIEWS = YES;
				GENERATE_INFOPLIST_FILE = YES;
				INFOPLIST_KEY_UIApplicationSceneManifest_Generation = YES;
				INFOPLIST_KEY_UIApplicationSupportsIndirectInputEvents = YES;
				INFOPLIST_KEY_UILaunchScreen_Generation = YES;
				INFOPLIST_KEY_UISupportedInterfaceOrientations_iPad = "UIInterfaceOrientationPortrait UIInterfaceOrientationPortraitUpsideDown UIInterfaceOrientationLandscapeLeft UIInterfaceOrientationLandscapeRight";
				INFOPLIST_KEY_UISupportedInterfaceOrientations_iPhone = "UIInterfaceOrientationPortrait UIInterfaceOrientationLandscapeLeft UIInterfaceOrientationLandscapeRight";
				LD_RUNPATH_SEARCH_PATHS = (
					"$(inherited)",
					"@executable_path/Frameworks",
				);
				MARKETING_VERSION = 1.0;
				PRODUCT_BUNDLE_IDENTIFIER = com.reetD.UnitTestCases;
				PRODUCT_NAME = "$(TARGET_NAME)";
				SWIFT_EMIT_LOC_STRINGS = YES;
				SWIFT_VERSION = 5.0;
				TARGETED_DEVICE_FAMILY = "1,2";
			};
			name = Debug;
		};
		92E731E12B8FC5EB008EE6FD /* Release */ = {
			isa = XCBuildConfiguration;
			buildSettings = {
				ASSETCATALOG_COMPILER_APPICON_NAME = AppIcon;
				ASSETCATALOG_COMPILER_GLOBAL_ACCENT_COLOR_NAME = AccentColor;
				CODE_SIGN_STYLE = Automatic;
				CURRENT_PROJECT_VERSION = 1;
				DEVELOPMENT_ASSET_PATHS = "\"UnitTestCases/Preview Content\"";
				DEVELOPMENT_TEAM = 8Q8PK53YFD;
				ENABLE_PREVIEWS = YES;
				GENERATE_INFOPLIST_FILE = YES;
				INFOPLIST_KEY_UIApplicationSceneManifest_Generation = YES;
				INFOPLIST_KEY_UIApplicationSupportsIndirectInputEvents = YES;
				INFOPLIST_KEY_UILaunchScreen_Generation = YES;
				INFOPLIST_KEY_UISupportedInterfaceOrientations_iPad = "UIInterfaceOrientationPortrait UIInterfaceOrientationPortraitUpsideDown UIInterfaceOrientationLandscapeLeft UIInterfaceOrientationLandscapeRight";
				INFOPLIST_KEY_UISupportedInterfaceOrientations_iPhone = "UIInterfaceOrientationPortrait UIInterfaceOrientationLandscapeLeft UIInterfaceOrientationLandscapeRight";
				LD_RUNPATH_SEARCH_PATHS = (
					"$(inherited)",
					"@executable_path/Frameworks",
				);
				MARKETING_VERSION = 1.0;
				PRODUCT_BUNDLE_IDENTIFIER = com.reetD.UnitTestCases;
				PRODUCT_NAME = "$(TARGET_NAME)";
				SWIFT_EMIT_LOC_STRINGS = YES;
				SWIFT_VERSION = 5.0;
				TARGETED_DEVICE_FAMILY = "1,2";
			};
			name = Release;
		};
		92E731E32B8FC5EB008EE6FD /* Debug */ = {
			isa = XCBuildConfiguration;
			buildSettings = {
				ALWAYS_EMBED_SWIFT_STANDARD_LIBRARIES = YES;
				BUNDLE_LOADER = "$(TEST_HOST)";
				CODE_SIGN_STYLE = Automatic;
				CURRENT_PROJECT_VERSION = 1;
				DEVELOPMENT_TEAM = 8Q8PK53YFD;
				GENERATE_INFOPLIST_FILE = YES;
				IPHONEOS_DEPLOYMENT_TARGET = 17.0;
				MARKETING_VERSION = 1.0;
				PRODUCT_BUNDLE_IDENTIFIER = com.reetD.UnitTestCasesTests;
				PRODUCT_NAME = "$(TARGET_NAME)";
				SWIFT_EMIT_LOC_STRINGS = NO;
				SWIFT_VERSION = 5.0;
				TARGETED_DEVICE_FAMILY = "1,2";
				TEST_HOST = "$(BUILT_PRODUCTS_DIR)/UnitTestCases.app/$(BUNDLE_EXECUTABLE_FOLDER_PATH)/UnitTestCases";
			};
			name = Debug;
		};
		92E731E42B8FC5EB008EE6FD /* Release */ = {
			isa = XCBuildConfiguration;
			buildSettings = {
				ALWAYS_EMBED_SWIFT_STANDARD_LIBRARIES = YES;
				BUNDLE_LOADER = "$(TEST_HOST)";
				CODE_SIGN_STYLE = Automatic;
				CURRENT_PROJECT_VERSION = 1;
				DEVELOPMENT_TEAM = 8Q8PK53YFD;
				GENERATE_INFOPLIST_FILE = YES;
				IPHONEOS_DEPLOYMENT_TARGET = 17.0;
				MARKETING_VERSION = 1.0;
				PRODUCT_BUNDLE_IDENTIFIER = com.reetD.UnitTestCasesTests;
				PRODUCT_NAME = "$(TARGET_NAME)";
				SWIFT_EMIT_LOC_STRINGS = NO;
				SWIFT_VERSION = 5.0;
				TARGETED_DEVICE_FAMILY = "1,2";
				TEST_HOST = "$(BUILT_PRODUCTS_DIR)/UnitTestCases.app/$(BUNDLE_EXECUTABLE_FOLDER_PATH)/UnitTestCases";
			};
			name = Release;
		};
		92E731E62B8FC5EB008EE6FD /* Debug */ = {
			isa = XCBuildConfiguration;
			buildSettings = {
				ALWAYS_EMBED_SWIFT_STANDARD_LIBRARIES = YES;
				CODE_SIGN_STYLE = Automatic;
				CURRENT_PROJECT_VERSION = 1;
				DEVELOPMENT_TEAM = 8Q8PK53YFD;
				GENERATE_INFOPLIST_FILE = YES;
				MARKETING_VERSION = 1.0;
				PRODUCT_BUNDLE_IDENTIFIER = com.reetD.UnitTestCasesUITests;
				PRODUCT_NAME = "$(TARGET_NAME)";
				SWIFT_EMIT_LOC_STRINGS = NO;
				SWIFT_VERSION = 5.0;
				TARGETED_DEVICE_FAMILY = "1,2";
				TEST_TARGET_NAME = UnitTestCases;
			};
			name = Debug;
		};
		92E731E72B8FC5EB008EE6FD /* Release */ = {
			isa = XCBuildConfiguration;
			buildSettings = {
				ALWAYS_EMBED_SWIFT_STANDARD_LIBRARIES = YES;
				CODE_SIGN_STYLE = Automatic;
				CURRENT_PROJECT_VERSION = 1;
				DEVELOPMENT_TEAM = 8Q8PK53YFD;
				GENERATE_INFOPLIST_FILE = YES;
				MARKETING_VERSION = 1.0;
				PRODUCT_BUNDLE_IDENTIFIER = com.reetD.UnitTestCasesUITests;
				PRODUCT_NAME = "$(TARGET_NAME)";
				SWIFT_EMIT_LOC_STRINGS = NO;
				SWIFT_VERSION = 5.0;
				TARGETED_DEVICE_FAMILY = "1,2";
				TEST_TARGET_NAME = UnitTestCases;
			};
			name = Release;
		};
/* End XCBuildConfiguration section */

/* Begin XCConfigurationList section */
		92E731B62B8FC5E8008EE6FD /* Build configuration list for PBXProject "UnitTestCases" */ = {
			isa = XCConfigurationList;
			buildConfigurations = (
				92E731DD2B8FC5EB008EE6FD /* Debug */,
				92E731DE2B8FC5EB008EE6FD /* Release */,
			);
			defaultConfigurationIsVisible = 0;
			defaultConfigurationName = Release;
		};
		92E731DF2B8FC5EB008EE6FD /* Build configuration list for PBXNativeTarget "UnitTestCases" */ = {
			isa = XCConfigurationList;
			buildConfigurations = (
				92E731E02B8FC5EB008EE6FD /* Debug */,
				92E731E12B8FC5EB008EE6FD /* Release */,
			);
			defaultConfigurationIsVisible = 0;
			defaultConfigurationName = Release;
		};
		92E731E22B8FC5EB008EE6FD /* Build configuration list for PBXNativeTarget "UnitTestCasesTests" */ = {
			isa = XCConfigurationList;
			buildConfigurations = (
				92E731E32B8FC5EB008EE6FD /* Debug */,
				92E731E42B8FC5EB008EE6FD /* Release */,
			);
			defaultConfigurationIsVisible = 0;
			defaultConfigurationName = Release;
		};
		92E731E52B8FC5EB008EE6FD /* Build configuration list for PBXNativeTarget "UnitTestCasesUITests" */ = {
			isa = XCConfigurationList;
			buildConfigurations = (
				92E731E62B8FC5EB008EE6FD /* Debug */,
				92E731E72B8FC5EB008EE6FD /* Release */,
			);
			defaultConfigurationIsVisible = 0;
			defaultConfigurationName = Release;
		};
/* End XCConfigurationList section */
	};
	rootObject = 92E731B32B8FC5E8008EE6FD /* Project object */;
}
